
Microsoft Visual Studio Solution File, Format Version 12.00
# Visual Studio Version 17
VisualStudioVersion = 17.9.34728.123
MinimumVisualStudioVersion = 10.0.40219.1
Project("{FAE04EC0-301F-11D3-BF4B-00C04F79EFBC}") = "WhiteLagoon.Web", "WhiteLagoon.Web\WhiteLagoon.Web.csproj", "{A877487E-3615-4479-BB67-B2A08F57D573}"
EndProject
Global
	GlobalSection(SolutionConfigurationPlatforms) = preSolution
		Debug|Any CPU = Debug|Any CPU
		Release|Any CPU = Release|Any CPU
	EndGlobalSection
	GlobalSection(ProjectConfigurationPlatforms) = postSolution
		{A877487E-3615-4479-BB67-B2A08F57D573}.Debug|Any CPU.ActiveCfg = Debug|Any CPU
		{A877487E-3615-4479-BB67-B2A08F57D573}.Debug|Any CPU.Build.0 = Debug|Any CPU
		{A877487E-3615-4479-BB67-B2A08F57D573}.Release|Any CPU.ActiveCfg = Release|Any CPU
		{A877487E-3615-4479-BB67-B2A08F57D573}.Release|Any CPU.Build.0 = Release|Any CPU
	EndGlobalSection
	GlobalSection(SolutionProperties) = preSolution
		HideSolutionNode = FALSE
	EndGlobalSection
	GlobalSection(ExtensibilityGlobals) = postSolution
		SolutionGuid = {1EA48692-5C39-426E-B818-CDE793C8FE59}
	EndGlobalSection
EndGlobal
